# THIS IS AN AUTOGENERATED FILE. DO NOT EDIT THIS FILE DIRECTLY.
# yarn lockfile v1


actioncable@^5.2.8-1:
  version "5.2.8-1"
  resolved "https://registry.yarnpkg.com/actioncable/-/actioncable-5.2.8-1.tgz#1b01df0c7f4928b1b9646323705e8a0196ccf3c1"
  integrity sha512-p/a9jeFs3KB3SWZ9w/T5HLyztooYSufOG++Uhau9YzprdBNyjFfsqrtN1roVVEzNDBGZJVr/2SSWwofvavPL1w==
